{
    "version": 3,
    "terraform_version": "0.11.11",
    "serial": 2,
    "lineage": "51beea75-8212-e6df-6bb3-d0d0798c64dc",
    "modules": [
        {
            "path": [
                "root"
            ],
            "outputs": {},
            "resources": {
                "azurerm_resource_group.terraform": {
                    "type": "azurerm_resource_group",
                    "depends_on": [],
                    "primary": {
                        "id": "/subscriptions/0ea4da0b-9f24-4ea1-bbc6-abc0b2c82780/resourceGroups/ResourceGroupTerraform",
                        "attributes": {
                            "id": "/subscriptions/0ea4da0b-9f24-4ea1-bbc6-abc0b2c82780/resourceGroups/ResourceGroupTerraform",
                            "location": "southindia",
                            "name": "ResourceGroupTerraform",
                            "tags.%": "1",
                            "tags.environment": "Global"
                        },
                        "meta": {},
                        "tainted": false
                    },
                    "deposed": [],
                    "provider": "provider.azurerm"
                }
            },
            "depends_on": []
        }
    ]
}
